# This file is automatically @generated by Poetry 1.7.1 and should not be changed by hand.

[[package]]
name = "apkid"
version = "3.0.0"
description = "Android Package Identifier"
optional = false
python-versions = "*"
files = [
    {file = "apkid-3.0.0-py2.py3-none-any.whl", hash = "sha256:0e3b3d381dce46f39cb37479ba5675569113279d1d306e18be6dc70ca532072a"},
    {file = "apkid-3.0.0.tar.gz", hash = "sha256:e554dfdeaf4c8a5207fba7c40796a36b39e03b55bb23b5af4e2b22435d374ad1"},
]

[package.dependencies]
yara-python-dex = ">=1.0.1"

[package.extras]
dev = ["mypy", "pypandoc", "twine"]
test = ["delayed-assert", "factory-boy", "mock", "pytest", "pytest-cov", "pytest-factoryboy", "pytest-flask", "pytest-runner", "tox"]

[[package]]
name = "python-json-logger"
version = "3.2.1"
description = "JSON Log Formatter for the Python Logging Package"
optional = false
python-versions = ">=3.8"
files = [
    {file = "python_json_logger-3.2.1-py3-none-any.whl", hash = "sha256:cdc17047eb5374bd311e748b42f99d71223f3b0e186f4206cc5d52aefe85b090"},
    {file = "python_json_logger-3.2.1.tar.gz", hash = "sha256:8eb0554ea17cb75b05d2848bc14fb02fbdbd9d6972120781b974380bfa162008"},
]

[package.extras]
dev = ["backports.zoneinfo", "black", "build", "freezegun", "mdx_truly_sane_lists", "mike", "mkdocs", "mkdocs-awesome-pages-plugin", "mkdocs-gen-files", "mkdocs-literate-nav", "mkdocs-material (>=8.5)", "mkdocstrings[python]", "msgspec", "msgspec-python313-pre", "mypy", "orjson", "pylint", "pytest", "tzdata", "validate-pyproject[all]"]

[[package]]
name = "yara-python-dex"
version = "1.0.7"
description = "Python interface for YARA"
optional = false
python-versions = "*"
files = [
    {file = "yara_python_dex-1.0.7-cp310-cp310-macosx_10_9_universal2.whl", hash = "sha256:69ea91f4cda18cf99a220507d6492eeee1531335d7551dbd21e2138e6551f348"},
    {file = "yara_python_dex-1.0.7-cp310-cp310-macosx_10_9_x86_64.whl", hash = "sha256:ddfd778478f5ed694010b904af9e4be38f9f2dfe19ef7f3fe5d7877e024a8692"},
    {file = "yara_python_dex-1.0.7-cp310-cp310-macosx_11_0_arm64.whl", hash = "sha256:e1ed6b9534d46892d57803e2a02c8b0ae45d199c13cad71861393b54641a29a6"},
    {file = "yara_python_dex-1.0.7-cp310-cp310-manylinux_2_12_i686.manylinux2010_i686.manylinux_2_17_i686.manylinux2014_i686.whl", hash = "sha256:b6b2c696682d72e7cef5552c76b41d1839548a31c0d073ce0e392e8d68e5528b"},
    {file = "yara_python_dex-1.0.7-cp310-cp310-manylinux_2_17_aarch64.manylinux2014_aarch64.whl", hash = "sha256:97a428bd4834ef88c3e6d6886e9423d1d5f75546efbaed48f641db945a8f3120"},
    {file = "yara_python_dex-1.0.7-cp310-cp310-manylinux_2_17_x86_64.manylinux2014_x86_64.whl", hash = "sha256:05470a030475598bd174cdc50ecc50a6353db3146e127e4adbb57ebf2d755ff3"},
    {file = "yara_python_dex-1.0.7-cp310-cp310-musllinux_1_2_aarch64.whl", hash = "sha256:036c3eb74cb3975d8caffd1d03672ba1ded0b65a9f366c05f7fa0de2d59fc103"},
    {file = "yara_python_dex-1.0.7-cp310-cp310-musllinux_1_2_i686.whl", hash = "sha256:75440105b8c28c5452dfaebe6343f9f7865ba5d4f28ab3c97f1ff7045470c11d"},
    {file = "yara_python_dex-1.0.7-cp310-cp310-musllinux_1_2_x86_64.whl", hash = "sha256:c1d2989c32fb3b7c3c6239ad2b0ae0ca5eb9f5e07c16938b31fc7a2979475ba9"},
    {file = "yara_python_dex-1.0.7-cp310-cp310-win32.whl", hash = "sha256:f7c2824da60fee1b30028018f38b09104c186f10d785f77f3750dd92a88fa52f"},
    {file = "yara_python_dex-1.0.7-cp310-cp310-win_amd64.whl", hash = "sha256:c656a93f099f3dc19b571e2076d80a37c1a9ee8b19914df6e3e43194e926a697"},
    {file = "yara_python_dex-1.0.7-cp311-cp311-macosx_10_9_universal2.whl", hash = "sha256:ee1a627c08cd514e66d3c66dea89f36d7d1657fc8611f28f29f3c1c77d8020ca"},
    {file = "yara_python_dex-1.0.7-cp311-cp311-macosx_10_9_x86_64.whl", hash = "sha256:bf0e48ed69a3174d64ec220aeab93bd2732fe441fde3388cb10a16a0a6235d05"},
    {file = "yara_python_dex-1.0.7-cp311-cp311-macosx_11_0_arm64.whl", hash = "sha256:1860a702379efb72dc78ed0238da879b7fa089fe7d992a82c1db795b9dd07c15"},
    {file = "yara_python_dex-1.0.7-cp311-cp311-macosx_14_0_arm64.whl", hash = "sha256:38493552451f585da72181ab7e51429248179f6e085cfb20be0e38e761c49e6a"},
    {file = "yara_python_dex-1.0.7-cp311-cp311-manylinux_2_12_i686.manylinux2010_i686.manylinux_2_17_i686.manylinux2014_i686.whl", hash = "sha256:a9f678d0fbe97e177097808bc5d73160b8f8cbec7af88b0c117c73151f75e9de"},
    {file = "yara_python_dex-1.0.7-cp311-cp311-manylinux_2_17_aarch64.manylinux2014_aarch64.whl", hash = "sha256:a0176641510cff158ab56fd60f8d3b67ffd804441def44df53a87a0632090225"},
    {file = "yara_python_dex-1.0.7-cp311-cp311-manylinux_2_17_x86_64.manylinux2014_x86_64.whl", hash = "sha256:b4ecc900686a37e0f1c364e6680560b014a4970f40667d05ff1e7ccf602170dd"},
    {file = "yara_python_dex-1.0.7-cp311-cp311-musllinux_1_2_aarch64.whl", hash = "sha256:f5f41f0448d55bacd216be9881e8a858f560804a3d772948bdeb7963a9fea76f"},
    {file = "yara_python_dex-1.0.7-cp311-cp311-musllinux_1_2_i686.whl", hash = "sha256:55fd10a3d068b84553da3366ded18aad6097726f0881d91fa20f5de326cfa951"},
    {file = "yara_python_dex-1.0.7-cp311-cp311-musllinux_1_2_x86_64.whl", hash = "sha256:59dbea7feb39b61b5375b6667876e668f371041d46e9f49a4012900215ac42f5"},
    {file = "yara_python_dex-1.0.7-cp311-cp311-win32.whl", hash = "sha256:5e3ff614529c70ff4882428d9373d28038b396f58974b2c809b17f5015aecfaa"},
    {file = "yara_python_dex-1.0.7-cp311-cp311-win_amd64.whl", hash = "sha256:a778bc2439534b53069a54f5890ec72f1bbfcb20a302997ed2abd6ce8edce3e8"},
    {file = "yara_python_dex-1.0.7-cp312-cp312-macosx_10_13_universal2.whl", hash = "sha256:5cfb1f22a5e34b2034886cd12a05c1a2d3a71407d53d61e4478514697b0faf81"},
    {file = "yara_python_dex-1.0.7-cp312-cp312-macosx_10_13_x86_64.whl", hash = "sha256:327bc558fdaecb401a1adf589de880de3513de9ebfb44036cc5fc66b73144c50"},
    {file = "yara_python_dex-1.0.7-cp312-cp312-macosx_11_0_arm64.whl", hash = "sha256:9837eb9c318b38c3b11effa31207a468fc69b31b23318e08fd7c0b90e27c2efb"},
    {file = "yara_python_dex-1.0.7-cp312-cp312-manylinux_2_12_i686.manylinux2010_i686.manylinux_2_17_i686.manylinux2014_i686.whl", hash = "sha256:08b3e9ed1774b130c7bbee16920485b7484e30cd062393289e757413c123c0f7"},
    {file = "yara_python_dex-1.0.7-cp312-cp312-manylinux_2_17_aarch64.manylinux2014_aarch64.whl", hash = "sha256:24567c23bb492dfa2dcdcc0c4490cf862861ce4a8b8643a2ecfdd46bb4949a6c"},
    {file = "yara_python_dex-1.0.7-cp312-cp312-manylinux_2_17_x86_64.manylinux2014_x86_64.whl", hash = "sha256:0b35d53825bd603e0953f4b38f5c90b2f3bf898b7c48b73897c23c98bdf58326"},
    {file = "yara_python_dex-1.0.7-cp312-cp312-musllinux_1_2_aarch64.whl", hash = "sha256:65a08686b2fbbb4c4510ee43e01c90277ed77d5289b293d6a85a273abd822498"},
    {file = "yara_python_dex-1.0.7-cp312-cp312-musllinux_1_2_i686.whl", hash = "sha256:bb607f58d30bda60008cb6708c45313b79cc24b9546dc2d8de802a521bb208f0"},
    {file = "yara_python_dex-1.0.7-cp312-cp312-musllinux_1_2_x86_64.whl", hash = "sha256:337340391eadf3493b2f8ec43d28a85cadb83daf3c734ddefd59f3022d42d796"},
    {file = "yara_python_dex-1.0.7-cp312-cp312-win32.whl", hash = "sha256:aa6768e60bbb49216883750ace520ced4bb74d77913df9dec943fdadda771907"},
    {file = "yara_python_dex-1.0.7-cp312-cp312-win_amd64.whl", hash = "sha256:3206de65499b10cff7e80cd8d71ace5c13a760948a0867415a0a838077132bda"},
    {file = "yara_python_dex-1.0.7-cp313-cp313-macosx_10_13_universal2.whl", hash = "sha256:756774ea2a9f7ba140b289d058bcb7db496c374bfe2a6696514a5279e6b50d39"},
    {file = "yara_python_dex-1.0.7-cp313-cp313-macosx_10_13_x86_64.whl", hash = "sha256:ed66cbbc164f994a6c70f2ea7c1af180b6b907b26a3cadf33ce1679b71a4271a"},
    {file = "yara_python_dex-1.0.7-cp313-cp313-macosx_11_0_arm64.whl", hash = "sha256:c8ff5c66534f9a6e064827080f96ea9ce2f22e602acdd6f4580cbf2c8f79cb4a"},
    {file = "yara_python_dex-1.0.7-cp313-cp313-manylinux_2_12_i686.manylinux2010_i686.manylinux_2_17_i686.manylinux2014_i686.whl", hash = "sha256:cc027066111d6f9d888cfc5cd30783447a4f6d49c90e86729ed8468d7fd0c9fd"},
    {file = "yara_python_dex-1.0.7-cp313-cp313-manylinux_2_17_aarch64.manylinux2014_aarch64.whl", hash = "sha256:f5003b755703561de9c69b25a3009eddc24359200473b4fb51d541987b5d5eaa"},
    {file = "yara_python_dex-1.0.7-cp313-cp313-manylinux_2_17_x86_64.manylinux2014_x86_64.whl", hash = "sha256:b6bba5f919b526d8452611864ec2e96aa0df87ea0ee718bd53623ac37124740b"},
    {file = "yara_python_dex-1.0.7-cp313-cp313-musllinux_1_2_aarch64.whl", hash = "sha256:7e939e57b2a9926555a92fa13c6648b30c61192db34e9626c589b5262a020654"},
    {file = "yara_python_dex-1.0.7-cp313-cp313-musllinux_1_2_i686.whl", hash = "sha256:91a4f3ebea5f9db587b161be555eb107af737231b4816ec445b27a8479f912c9"},
    {file = "yara_python_dex-1.0.7-cp313-cp313-musllinux_1_2_x86_64.whl", hash = "sha256:b2186fa99e97153ce779275b8494f76772dee889025761894a8550977f807fd2"},
    {file = "yara_python_dex-1.0.7-cp313-cp313-win32.whl", hash = "sha256:caf9fa3a3ef15b7a8f1b96b687ac99a618883c797d7cc0473fa052465c123f5e"},
    {file = "yara_python_dex-1.0.7-cp313-cp313-win_amd64.whl", hash = "sha256:43783d86831b77ceaca3a7324ac8e80e4b2933b3d4b07bc2b98b5a09551f10f5"},
    {file = "yara_python_dex-1.0.7-cp36-cp36m-macosx_10_9_x86_64.whl", hash = "sha256:d672ef3b61d0efc2f664263612c14773d22160cb412f25062811a8421fef7462"},
    {file = "yara_python_dex-1.0.7-cp36-cp36m-manylinux_2_12_i686.manylinux2010_i686.manylinux_2_17_i686.manylinux2014_i686.whl", hash = "sha256:4d895857b5d32b0d4eb6aeea6562d9a046e71f22c70aaf51e63ae46833c968e6"},
    {file = "yara_python_dex-1.0.7-cp36-cp36m-manylinux_2_17_aarch64.manylinux2014_aarch64.whl", hash = "sha256:8d652f22d09b3b1f312778918b685eaa21cc9f8b91172cea9315564bb7250d7f"},
    {file = "yara_python_dex-1.0.7-cp36-cp36m-manylinux_2_17_x86_64.manylinux2014_x86_64.whl", hash = "sha256:47bb8bec777d15c98719d86759d53b022fefa8e7a9390d502eb8e07cb5a8bb27"},
    {file = "yara_python_dex-1.0.7-cp36-cp36m-musllinux_1_2_aarch64.whl", hash = "sha256:d395141121310bca11b433d82c715676292bc4628aea0e1dec295e37bf80eeee"},
    {file = "yara_python_dex-1.0.7-cp36-cp36m-musllinux_1_2_i686.whl", hash = "sha256:a39bedf62acc8554affacdac7a68d04f342b213c6884a17e2b3bf3b137e529cd"},
    {file = "yara_python_dex-1.0.7-cp36-cp36m-musllinux_1_2_x86_64.whl", hash = "sha256:98f9928e47c3b7a76cb010aed82a53c170da6de2aba7d30250362eaffddb0e8e"},
    {file = "yara_python_dex-1.0.7-cp36-cp36m-win32.whl", hash = "sha256:e98137fd1e4e8e3640504a620fcc9707e9116292d59f175cadd2371c60e539e0"},
    {file = "yara_python_dex-1.0.7-cp36-cp36m-win_amd64.whl", hash = "sha256:fc1be77a83c87288d658c198f822b0b86c3e42a576a442298ab2d788f1fd1aa0"},
    {file = "yara_python_dex-1.0.7-cp37-cp37m-macosx_10_9_x86_64.whl", hash = "sha256:f5ba4719aa4f42d90ba6bec4c85fe08ee7b646bb91d36f9c7f00a423bd6faa42"},
    {file = "yara_python_dex-1.0.7-cp37-cp37m-manylinux_2_12_i686.manylinux2010_i686.manylinux_2_17_i686.manylinux2014_i686.whl", hash = "sha256:82c8949ea8015211072aeac20194bc0fca6d9a19b567feab0ab5f849412cd369"},
    {file = "yara_python_dex-1.0.7-cp37-cp37m-manylinux_2_17_aarch64.manylinux2014_aarch64.whl", hash = "sha256:12085ae027994ca4bf0200b6f2925842a0f0c15667d11b279b233e5c113f2deb"},
    {file = "yara_python_dex-1.0.7-cp37-cp37m-manylinux_2_17_x86_64.manylinux2014_x86_64.whl", hash = "sha256:5be42f1a599d829e5d6eae19f02c9078a3be0ea57ea27e3e32c014fef70c8510"},
    {file = "yara_python_dex-1.0.7-cp37-cp37m-musllinux_1_2_aarch64.whl", hash = "sha256:36a1842b7d6b1b749fddfd9b8830cbf4f1ca3d75fa745f16e0be179dbd3e65e1"},
    {file = "yara_python_dex-1.0.7-cp37-cp37m-musllinux_1_2_i686.whl", hash = "sha256:e1c122f5a860581f0493094d6ff4557c03737e7bbcf7891a64d6eaac85995a6f"},
    {file = "yara_python_dex-1.0.7-cp37-cp37m-musllinux_1_2_x86_64.whl", hash = "sha256:9103f017eb2836b5876dbbbd586aaf4c27bc3c0cd82b978a991554ecd706d437"},
    {file = "yara_python_dex-1.0.7-cp37-cp37m-win32.whl", hash = "sha256:8c341be0e9f1d821ca3b0812b4201a63377b96a7fed30cbaa218be551f70b91f"},
    {file = "yara_python_dex-1.0.7-cp37-cp37m-win_amd64.whl", hash = "sha256:0561177ae191b169a9ab9aa75a100682b97e19df9546006e3608b36a6977af06"},
    {file = "yara_python_dex-1.0.7-cp38-cp38-macosx_10_9_universal2.whl", hash = "sha256:7ec06eb3f45e7c8495df681dad9236fd30bd795bc886ee24a5f0287bab56d6f3"},
    {file = "yara_python_dex-1.0.7-cp38-cp38-macosx_10_9_x86_64.whl", hash = "sha256:4eb840e99ca159c8aa4b4316bdc04d000076b55a7a59a669066f7469df2c3d9f"},
    {file = "yara_python_dex-1.0.7-cp38-cp38-macosx_11_0_arm64.whl", hash = "sha256:9336a24cb95d3b7b29be405f9a4dbd3c0d1ada971edd2e81e2137e2ddd8d215b"},
    {file = "yara_python_dex-1.0.7-cp38-cp38-manylinux_2_12_i686.manylinux2010_i686.manylinux_2_17_i686.manylinux2014_i686.whl", hash = "sha256:2e4f76d1f7fdd66578e08e2d4baf2fa27cbd9c91fbc35fe9e7bf0a6fa9e2c45a"},
    {file = "yara_python_dex-1.0.7-cp38-cp38-manylinux_2_17_aarch64.manylinux2014_aarch64.whl", hash = "sha256:5f94b28227317f7a9c7fe826be47b1cb4ef9f8081c00663a51dcd0b01db7c16a"},
    {file = "yara_python_dex-1.0.7-cp38-cp38-manylinux_2_17_x86_64.manylinux2014_x86_64.whl", hash = "sha256:9b4ab1beeeab8ce5b45f71f7cb528e737d5fdd8481d799b50289f29f719e41b1"},
    {file = "yara_python_dex-1.0.7-cp38-cp38-musllinux_1_2_aarch64.whl", hash = "sha256:8767376e2c8f149b2e44b6d6a23c7a69c314f31cfd38d025d9bbf39e68fff26e"},
    {file = "yara_python_dex-1.0.7-cp38-cp38-musllinux_1_2_i686.whl", hash = "sha256:ae3faed75048226b81e96df1497000fdff7b981f4817af320b26bf15c2294f6b"},
    {file = "yara_python_dex-1.0.7-cp38-cp38-musllinux_1_2_x86_64.whl", hash = "sha256:0428ad48fcfffbc9d866cb4610ca337e0e551b8c3103329a01fd51b9ef7ce9a6"},
    {file = "yara_python_dex-1.0.7-cp38-cp38-win32.whl", hash = "sha256:810cd8c481bff4ae9a1bae70950ba89346669d5a7ab2637cbd4dc2d50e7a52db"},
    {file = "yara_python_dex-1.0.7-cp38-cp38-win_amd64.whl", hash = "sha256:a1ec31f9e1306a580211c112eb361384df12a3498bd4c144dbdbf52ff8cea564"},
    {file = "yara_python_dex-1.0.7-cp39-cp39-macosx_10_9_universal2.whl", hash = "sha256:98f6460ea4883cbcc43de23de7d42194e81f6c10b82abd303a9d1e0e70fe3b18"},
    {file = "yara_python_dex-1.0.7-cp39-cp39-macosx_10_9_x86_64.whl", hash = "sha256:0aeb7e7f49ded7c479f0be8a79f3cba429280f767765268dd6671e35d6970fad"},
    {file = "yara_python_dex-1.0.7-cp39-cp39-macosx_11_0_arm64.whl", hash = "sha256:662ef33052487416dbdbb7bdc5ff4dbee3abb7fab4c2fffb6ca3180405cd567b"},
    {file = "yara_python_dex-1.0.7-cp39-cp39-manylinux_2_12_i686.manylinux2010_i686.manylinux_2_17_i686.manylinux2014_i686.whl", hash = "sha256:074787a9e5c1ae7b654087f1d70c415fda67651e72b283aee4cc60a0cd7a48c9"},
    {file = "yara_python_dex-1.0.7-cp39-cp39-manylinux_2_17_aarch64.manylinux2014_aarch64.whl", hash = "sha256:7cc2f7be8dc90df724eb0566e96fad9908b08cc416a6def39e510075f0cec261"},
    {file = "yara_python_dex-1.0.7-cp39-cp39-manylinux_2_17_x86_64.manylinux2014_x86_64.whl", hash = "sha256:02cfab673ee1b0463579f075402851f9c03a022653f43ff0399c4bd93ba17401"},
    {file = "yara_python_dex-1.0.7-cp39-cp39-musllinux_1_2_aarch64.whl", hash = "sha256:6ab5334db4bb138a8e71dca5e1e25618729b6eaa4538588c2473f9c9b84aa594"},
    {file = "yara_python_dex-1.0.7-cp39-cp39-musllinux_1_2_i686.whl", hash = "sha256:3def3336165e13285ed13affe3d81c069c501cbae17aa269280f37a374629c4e"},
    {file = "yara_python_dex-1.0.7-cp39-cp39-musllinux_1_2_x86_64.whl", hash = "sha256:6abb0f09a693fdfd050a58c76d200fb1ee29744332bdbf04cb8b54eb519a4ee5"},
    {file = "yara_python_dex-1.0.7-cp39-cp39-win32.whl", hash = "sha256:fc1682911cfa3951fbffc155f2a7b1eb30f0292a8c5f70e5110307724562b74b"},
    {file = "yara_python_dex-1.0.7-cp39-cp39-win_amd64.whl", hash = "sha256:c56185e21b3cb49aa3e1fa0a7f46294a8545735ac0ed150880880118f2930ec9"},
    {file = "yara_python_dex-1.0.7-pp310-pypy310_pp73-macosx_10_15_x86_64.whl", hash = "sha256:c92c16151177671b14909dc978dc4261c2417fb0574aeee61c081f54b7b05a1a"},
    {file = "yara_python_dex-1.0.7-pp310-pypy310_pp73-macosx_11_0_arm64.whl", hash = "sha256:266c8d423ee4c08fbbec49e450028a626ab181af1e8847002588095aa9ca7a44"},
    {file = "yara_python_dex-1.0.7-pp310-pypy310_pp73-manylinux_2_12_i686.manylinux2010_i686.manylinux_2_17_i686.manylinux2014_i686.whl", hash = "sha256:2d1869f7d1661025c3f3aa428041f1751e2f488c1b80017d8fcb07f3ec7fe37c"},
    {file = "yara_python_dex-1.0.7-pp310-pypy310_pp73-manylinux_2_17_x86_64.manylinux2014_x86_64.whl", hash = "sha256:26e71271b4d954404f16d6b6649d89eea03f167a5a73ac4c37ba1b4295aa6d9d"},
    {file = "yara_python_dex-1.0.7-pp310-pypy310_pp73-win_amd64.whl", hash = "sha256:a5333f79945e9a6b00e2f1d569ac933ecdcb5e3c3a1218de32d74f21ef4943a9"},
    {file = "yara_python_dex-1.0.7-pp37-pypy37_pp73-macosx_10_9_x86_64.whl", hash = "sha256:6080e8c88f3f33be041ffa709fbbac2c2bb970b1d4c99723cb783e31eb6164c8"},
    {file = "yara_python_dex-1.0.7-pp37-pypy37_pp73-manylinux_2_12_i686.manylinux2010_i686.manylinux_2_17_i686.manylinux2014_i686.whl", hash = "sha256:deafed78488c41717ab5ac3416167210e86b2c4300326bc33652410413705401"},
    {file = "yara_python_dex-1.0.7-pp37-pypy37_pp73-manylinux_2_17_x86_64.manylinux2014_x86_64.whl", hash = "sha256:b613f97c6936ca3c129bd753a2484d9cbfa3abe5ba5f82ac08fdd4e934a8a949"},
    {file = "yara_python_dex-1.0.7-pp37-pypy37_pp73-win_amd64.whl", hash = "sha256:106815e2ed586c74c3d6e20cab636323041d12bd8829ff0a1422b4ce47809cea"},
    {file = "yara_python_dex-1.0.7-pp38-pypy38_pp73-macosx_10_9_x86_64.whl", hash = "sha256:dfd4364b3fc4f20763a23e8e023f5d08bf71fd26fea07a176a8e892df2a0382c"},
    {file = "yara_python_dex-1.0.7-pp38-pypy38_pp73-macosx_11_0_arm64.whl", hash = "sha256:f6409c127ae24154c955be8f9fef2a165526ca5fe30229adbd2a3c5b45af6355"},
    {file = "yara_python_dex-1.0.7-pp38-pypy38_pp73-manylinux_2_12_i686.manylinux2010_i686.manylinux_2_17_i686.manylinux2014_i686.whl", hash = "sha256:d08e32445ad4bb44cbc8a1c6d4ee3baa76f013fbca27cf028a984d957979f1fc"},
    {file = "yara_python_dex-1.0.7-pp38-pypy38_pp73-manylinux_2_17_x86_64.manylinux2014_x86_64.whl", hash = "sha256:4a6eb0c4518f855d71e7cd8d526281fe6c484f9fe31b60b02bd15fc847ba26e6"},
    {file = "yara_python_dex-1.0.7-pp38-pypy38_pp73-win_amd64.whl", hash = "sha256:435a98023350813f6a5634db18640ad38065e7923def70f65d49cd4c52c3cd13"},
    {file = "yara_python_dex-1.0.7-pp39-pypy39_pp73-macosx_10_15_x86_64.whl", hash = "sha256:23017112a3478bdc94ee34a529d018f0ac2420877342cf0d0f5285762b521a6b"},
    {file = "yara_python_dex-1.0.7-pp39-pypy39_pp73-macosx_11_0_arm64.whl", hash = "sha256:503c50f36e680417793bc758e491a430ef011c457f7cb6acebbbd2e92d313f92"},
    {file = "yara_python_dex-1.0.7-pp39-pypy39_pp73-manylinux_2_12_i686.manylinux2010_i686.manylinux_2_17_i686.manylinux2014_i686.whl", hash = "sha256:9349eb72603a70107cb56efdff2181edaf694d70f962040d550c4119b352cd20"},
    {file = "yara_python_dex-1.0.7-pp39-pypy39_pp73-manylinux_2_17_x86_64.manylinux2014_x86_64.whl", hash = "sha256:faf6c2cba75d0435e9fd0d5bdfce41565c5df20a9af300b43179412516fe8164"},
    {file = "yara_python_dex-1.0.7-pp39-pypy39_pp73-win_amd64.whl", hash = "sha256:3c8668dccf0a9c84f85729a15a697aec44e9c08da01efba91248fccd65039393"},
]

[metadata]
lock-version = "2.0"
python-versions = "^3.11"
content-hash = "be262c69b6b25c4b8995e67f12993e36933702ec27f295378c7600add02278da"
