{
  "nodes": {
    "flake-parts": {
      "inputs": {
        "nixpkgs-lib": "nixpkgs-lib"
      },
      "locked": {
        "lastModified": 1741352980,
        "narHash": "sha256-+u2UunDA4Cl5Fci3m7S643HzKmIDAe+fiXrLqYsR2fs=",
        "owner": "hercules-ci",
        "repo": "flake-parts",
        "rev": "f4330d22f1c5d2ba72d3d22df5597d123fdb60a9",
        "type": "github"
      },
      "original": {
        "owner": "hercules-ci",
        "repo": "flake-parts",
        "rev": "f4330d22f1c5d2ba72d3d22df5597d123fdb60a9",
        "type": "github"
      }
    },
    "nixpkgs": {
      "locked": {
        "lastModified": 1743082110,
        "narHash": "sha256-c8AkeiE1bG7P9E6PHNJtPn75QCXU35UzdYsYLWV7HlA=",
        "owner": "nixos",
        "repo": "nixpkgs",
        "rev": "ab472a7a8fcfd7c778729e7d7c8c3a9586a7cded",
        "type": "github"
      },
      "original": {
        "owner": "nixos",
        "repo": "nixpkgs",
        "rev": "ab472a7a8fcfd7c778729e7d7c8c3a9586a7cded",
        "type": "github"
      }
    },
    "nixpkgs-lib": {
      "locked": {
        "lastModified": 1740877520,
        "narHash": "sha256-oiwv/ZK/2FhGxrCkQkB83i7GnWXPPLzoqFHpDD3uYpk=",
        "owner": "nix-community",
        "repo": "nixpkgs.lib",
        "rev": "147dee35aab2193b174e4c0868bd80ead5ce755c",
        "type": "github"
      },
      "original": {
        "owner": "nix-community",
        "repo": "nixpkgs.lib",
        "type": "github"
      }
    },
    "nixpkgs_2": {
      "locked": {
        "lastModified": 1748370509,
        "narHash": "sha256-QlL8slIgc16W5UaI3w7xHQEP+Qmv/6vSNTpoZrrSlbk=",
        "owner": "nixos",
        "repo": "nixpkgs",
        "rev": "4faa5f5321320e49a78ae7848582f684d64783e9",
        "type": "github"
      },
      "original": {
        "owner": "nixos",
        "ref": "nixos-unstable",
        "repo": "nixpkgs",
        "type": "github"
      }
    },
    "nixpkgs_3": {
      "locked": {
        "lastModified": 1742669843,
        "narHash": "sha256-G5n+FOXLXcRx+3hCJ6Rt6ZQyF1zqQ0DL0sWAMn2Nk0w=",
        "owner": "nixos",
        "repo": "nixpkgs",
        "rev": "1e5b653dff12029333a6546c11e108ede13052eb",
        "type": "github"
      },
      "original": {
        "owner": "nixos",
        "ref": "nixos-unstable",
        "repo": "nixpkgs",
        "type": "github"
      }
    },
    "nixpkgs_4": {
      "locked": {
        "lastModified": 1746328495,
        "narHash": "sha256-uKCfuDs7ZM3QpCE/jnfubTg459CnKnJG/LwqEVEdEiw=",
        "owner": "nixos",
        "repo": "nixpkgs",
        "rev": "979daf34c8cacebcd917d540070b52a3c2b9b16e",
        "type": "github"
      },
      "original": {
        "owner": "nixos",
        "ref": "nixos-unstable",
        "repo": "nixpkgs",
        "type": "github"
      }
    },
    "pipeline": {
      "inputs": {
        "flake-parts": [
          "flake-parts"
        ]
      },
      "locked": {
        "dir": "common/utils/pipeline",
        "lastModified": 1747852039,
        "narHash": "sha256-Cux4nWjZ7G8l7qhbTgFsA90gxfZgjk5dHEHhnMIVPo8=",
        "owner": "fluidattacks",
        "repo": "universe",
        "rev": "06afc68c86a9686214b246e2a69276b061f08091",
        "type": "gitlab"
      },
      "original": {
        "dir": "common/utils/pipeline",
        "owner": "fluidattacks",
        "repo": "universe",
        "rev": "06afc68c86a9686214b246e2a69276b061f08091",
        "type": "gitlab"
      }
    },
    "pyproject-build-systems": {
      "inputs": {
        "nixpkgs": "nixpkgs_2",
        "pyproject-nix": "pyproject-nix",
        "uv2nix": "uv2nix"
      },
      "locked": {
        "lastModified": 1748562898,
        "narHash": "sha256-STk4QklrGpM3gliPKNJdBLSQvIrqRuwHI/rnYb/5rh8=",
        "owner": "pyproject-nix",
        "repo": "build-system-pkgs",
        "rev": "33bd58351957bb52dd1700ea7eeefe34de06a892",
        "type": "github"
      },
      "original": {
        "owner": "pyproject-nix",
        "repo": "build-system-pkgs",
        "type": "github"
      }
    },
    "pyproject-nix": {
      "inputs": {
        "nixpkgs": [
          "python-env",
          "pyproject-build-systems",
          "nixpkgs"
        ]
      },
      "locked": {
        "lastModified": 1746540146,
        "narHash": "sha256-QxdHGNpbicIrw5t6U3x+ZxeY/7IEJ6lYbvsjXmcxFIM=",
        "owner": "nix-community",
        "repo": "pyproject.nix",
        "rev": "e09c10c24ebb955125fda449939bfba664c467fd",
        "type": "github"
      },
      "original": {
        "owner": "nix-community",
        "repo": "pyproject.nix",
        "type": "github"
      }
    },
    "pyproject-nix_2": {
      "inputs": {
        "nixpkgs": "nixpkgs_3"
      },
      "locked": {
        "lastModified": 1746540146,
        "narHash": "sha256-QxdHGNpbicIrw5t6U3x+ZxeY/7IEJ6lYbvsjXmcxFIM=",
        "owner": "pyproject-nix",
        "repo": "pyproject.nix",
        "rev": "e09c10c24ebb955125fda449939bfba664c467fd",
        "type": "github"
      },
      "original": {
        "owner": "pyproject-nix",
        "repo": "pyproject.nix",
        "type": "github"
      }
    },
    "pyproject-nix_3": {
      "inputs": {
        "nixpkgs": [
          "python-env",
          "uv2nix",
          "nixpkgs"
        ]
      },
      "locked": {
        "lastModified": 1746146146,
        "narHash": "sha256-60+mzI2lbgn+G8F5mz+cmkDvHFn4s5oqcOna1SzYy74=",
        "owner": "pyproject-nix",
        "repo": "pyproject.nix",
        "rev": "3e9623bdd86a3c545e82b7f97cfdba5f07232d9a",
        "type": "github"
      },
      "original": {
        "owner": "pyproject-nix",
        "repo": "pyproject.nix",
        "type": "github"
      }
    },
    "python-env": {
      "inputs": {
        "flake-parts": [
          "flake-parts"
        ],
        "pyproject-build-systems": "pyproject-build-systems",
        "pyproject-nix": "pyproject-nix_2",
        "uv2nix": "uv2nix_2"
      },
      "locked": {
        "dir": "common/utils/python-env",
        "lastModified": 1747852039,
        "narHash": "sha256-Cux4nWjZ7G8l7qhbTgFsA90gxfZgjk5dHEHhnMIVPo8=",
        "owner": "fluidattacks",
        "repo": "universe",
        "rev": "06afc68c86a9686214b246e2a69276b061f08091",
        "type": "gitlab"
      },
      "original": {
        "dir": "common/utils/python-env",
        "owner": "fluidattacks",
        "repo": "universe",
        "rev": "06afc68c86a9686214b246e2a69276b061f08091",
        "type": "gitlab"
      }
    },
    "root": {
      "inputs": {
        "flake-parts": "flake-parts",
        "nixpkgs": "nixpkgs",
        "pipeline": "pipeline",
        "python-env": "python-env",
        "shell-helpers": "shell-helpers"
      }
    },
    "shell-helpers": {
      "inputs": {
        "flake-parts": [
          "flake-parts"
        ],
        "nixpkgs": [
          "nixpkgs"
        ]
      },
      "locked": {
        "dir": "common/utils/shell-helpers",
        "lastModified": 1747852039,
        "narHash": "sha256-Cux4nWjZ7G8l7qhbTgFsA90gxfZgjk5dHEHhnMIVPo8=",
        "owner": "fluidattacks",
        "repo": "universe",
        "rev": "06afc68c86a9686214b246e2a69276b061f08091",
        "type": "gitlab"
      },
      "original": {
        "dir": "common/utils/shell-helpers",
        "owner": "fluidattacks",
        "repo": "universe",
        "rev": "06afc68c86a9686214b246e2a69276b061f08091",
        "type": "gitlab"
      }
    },
    "uv2nix": {
      "inputs": {
        "nixpkgs": [
          "python-env",
          "pyproject-build-systems",
          "nixpkgs"
        ],
        "pyproject-nix": [
          "python-env",
          "pyproject-build-systems",
          "pyproject-nix"
        ]
      },
      "locked": {
        "lastModified": 1748398512,
        "narHash": "sha256-99mf47Kjl/rj716cSjeA6ubZLlhNudmC4HRg/6UMfvs=",
        "owner": "pyproject-nix",
        "repo": "uv2nix",
        "rev": "f006d191d4ff5894d2ead6299e2eaf3659bc46b0",
        "type": "github"
      },
      "original": {
        "owner": "pyproject-nix",
        "repo": "uv2nix",
        "type": "github"
      }
    },
    "uv2nix_2": {
      "inputs": {
        "nixpkgs": "nixpkgs_4",
        "pyproject-nix": "pyproject-nix_3"
      },
      "locked": {
        "lastModified": 1748916602,
        "narHash": "sha256-GiwjjmPIISDFD0uQ1DqQ+/38hZ+2z1lTKVj/TkKaWwQ=",
        "owner": "pyproject-nix",
        "repo": "uv2nix",
        "rev": "a4dd471de62b27928191908f57bfcd702ec2bfc9",
        "type": "github"
      },
      "original": {
        "owner": "pyproject-nix",
        "repo": "uv2nix",
        "type": "github"
      }
    }
  },
  "root": "root",
  "version": 7
}
