lockfileVersion: '6.0'

settings:
  autoInstallPeers: false
  excludeLinksFromLockfile: false

overrides:
  vfile: 6.0.1

packages:

  slug/0.9.0:
    resolution: {integrity: sha512-1Yjs2SvM8TflER/OD3cOjhWWOZb58A2t7wpE2S9XfBYTiIl+XFhQG2bjy4Pu1I+EAlCNUzRDYDdFwFYUKvXcIA==}
    engines: {node: '>=0.10.0'}
    dev: false

  /zod@3.21.4(webpack@5.88.2):
    resolution: {integrity: sha512-m46AKbrzKVzOzs/DZgVnG5H55N1sv1M8qZU3A8RIKbs3mrACDNeIOeilDymVb2HdmP8uwshOCF4uJ8uM9rCqJw==}

  /@zag-js/script-manager@0.8.6:
    resolution: {integrity: sha512-BsAI2y9K2WKXRvkX8NULCNSj0ie8fcqJLnCEXvEOErydGQdPzO39zInQ0t+6iqPHjcNVoyNV151dfX+3wyUSVg==}
    dev: false

  /hoek@5.0.0:
    resolution: {integrity: sha512-BsAI2y9K2WKXRvkX8NULCNSj0ie8fcqJLnCEXvEOErydGQdPzO39zInQ0t+6iqPHjcNVoyNV151dfX+3wyUSVg==}
    dev: true

  /yargs@17.7.1:
    resolution: {integrity: sha512-cwiTb08Xuv5fqF4AovYacTFNxk62th7LKJ6BL9IGUpTJrWoU7/7WdQGTP2SjKf1dUNBGzDd28p/Yfs/GI6JrLw==}
    engines: {node: '>=12'}
    dependencies:
      cliui: 8.0.1
      escalade: 3.1.1
      get-caller-file: 2.0.5
      require-directory: 2.1.1
      string-width: 4.2.3
      y18n: 5.0.8
      yargs-parser: 21.1.1
    dev: true

  github.com/BuilderIo/qwik-build/145cd79bd410820e0e31266e3c9fb67720384ff2(undici@5.22.1):
    resolution: {tarball: https://codeload.github.com/BuilderIo/qwik-build/tar.gz/145cd79bd410820e0e31266e3c9fb67720384ff2}
    id: github.com/BuilderIo/qwik-build/145cd79bd410820e0e31266e3c9fb67720384ff2
    name: '@builder.io/qwik'
    version: 1.2.6
    engines: {node: '>=16.8.0 <18.0.0 || >=18.11'}
    hasBin: true
    peerDependencies:
      undici: ^5.14.0
    dependencies:
      csstype: 3.1.2
      undici: 5.22.1

  '@fluidattacks/design-system-factory.accordion@file:components/accordion':
    resolution: {directory: components/accordion, type: directory}
    peerDependencies:
      '@shadcn/material': ^5.4.3
      '@shadcn/system': ^5.11.16
      react: ^17.0.0 || ^18.0.0
