{
    "_meta": {
        "hash": {
            "sha256": "66d668a695768a5583a7887855425ec5598e2107d1bf4176d94b62ffd692e46e"
        },
        "pipfile-spec": 6,
        "requires": {
            "python_version": "3.13"
        },
        "sources": [
            {
                "name": "pypi",
                "url": "https://pypi.org/simple",
                "verify_ssl": true
            }
        ]
    },
    "default": {
        "amulet-nbt": {
            "hashes": [
                "sha256:19d95c87b4eb2f755ab9d45bf4f92a69c2360d419df8a560df09fa4ec1db8590",
                "sha256:34769ee28b12a8b6ca4e562d7b795b695170fc384a2d34429c5d615d7f3b5a88",
                "sha256:3ac1641d4433ab62a234e63acd6a9908397625a4893ff885db7404a26d3a4635",
                "sha256:46dbfdbaafff57e279be77c387610f76beb8e32ccbc71e005c2fa12175e99048",
                "sha256:76b4c74c6332f2cfe60e848f353a8f149f563344eaf6279551d5c90bc394cec5",
                "sha256:9fdf60f9ae6c9f030f86025e275ae986d7a511428fb902d0c8d5948154d74ba3",
                "sha256:a7ef70a65934eb966a9ba3edcd3d72acaf90a6d68d5b2a4842bf4ff4848acdd6"
            ],
            "index": "pypi",
            "markers": "python_version ~= '3.9'",
            "version": "==2.1.4"
        },
        "lunapyutils": {
            "hashes": [
                "sha256:2e4ee259a2c819231181aea86c37ad67dd4187b41168584d36ff780342685052",
                "sha256:f3bb5b178ec596d9d5c67f15c3fe48c44d79251f8e8722160ffc340d44eaf114"
            ],
            "index": "pypi",
            "markers": "python_version >= '3.13'",
            "version": "==0.0.1"
        },
        "mutf8": {
            "hashes": [
                "sha256:018ceda7cdb66a1d3e9c07a71a1a35b92570fbb1230887a34ad784ff4d349981",
                "sha256:0d1325d42806b31901a0ddd4ef199144e508fd9f6f3c75a8305d5979365b66c3",
                "sha256:1925f5490fabca5c34138ed6644a1a093b0d935252207a5e89664097ff14114c",
                "sha256:1bbbefb67c2e5a57104750bb04b0912200b57b2fa9841be245279e83859cb346",
                "sha256:1f4f497f20e3ea7968496c1eb1e1cb259c53ad040879e1e83ffb755a12112a04",
                "sha256:3207a071ead14d928213019f12b5554b179f61a16a8094ed660b755990db3652",
                "sha256:4f7a24b55c53d508a7ecb2e8c6fe14e4fcefaa4c48100b446e73217ade7875a0",
                "sha256:6172b5babc0c819636830fc79ca9c3a82662ef1ee764c82c1b59fbf6ea54d82f",
                "sha256:74ae69cd9790fa4f0f6a7b0db503c459c955b8235551baf683cb4f3f31677063",
                "sha256:7a67e88534a7641c513dad13f2f7913239808df4a5d0b822eda0ff9024431e0b",
                "sha256:83c38555db263e369e95533d80848d8e4296e302303b72082b98c3124cba504d",
                "sha256:e09f4a19e5500699bb42074890b463b785ab9a8d95c7d793e590405f3b4b29d7",
                "sha256:fcf20045263ce8ebd6c47e94c9477ab0d388ed169a69ad2d8f19bcbf0b87f401"
            ],
            "version": "==1.0.6"
        },
        "numpy": {
            "hashes": [
                "sha256:03a8c78d01d9781b28a6989f6fa1bb2c4f2d51201cf99d3dd875df6fbd96b23b",
                "sha256:08beddf13648eb95f8d867350f6a018a4be2e5ad54c8d8caed89ebca558b2818",
                "sha256:1af303d6b2210eb850fcf03064d364652b7120803a0b872f5211f5234b399f20",
                "sha256:1dda2e7b4ec9dd512f84935c5f126c8bd8b9f2fc001e9f54af255e8c5f16b0e0",
                "sha256:2a02aba9ed12e4ac4eb3ea9421c420301a0c6460d9830d74a9df87efa4912010",
                "sha256:2e4ee3380d6de9c9ec04745830fd9e2eccb3e6cf790d39d7b98ffd19b0dd754a",
                "sha256:3373d5d70a5fe74a2c1bb6d2cfd9609ecf686d47a2d7b1d37a8f3b6bf6003aea",
                "sha256:47711010ad8555514b434df65f7d7b076bb8261df1ca9bb78f53d3b2db02e95c",
                "sha256:4c66707fabe114439db9068ee468c26bbdf909cac0fb58686a42a24de1760c71",
                "sha256:50193e430acfc1346175fcbdaa28ffec49947a06918b7b92130744e81e640110",
                "sha256:52b8b60467cd7dd1e9ed082188b4e6bb35aa5cdd01777621a1658910745b90be",
                "sha256:60dedbb91afcbfdc9bc0b1f3f402804070deed7392c23eb7a7f07fa857868e8a",
                "sha256:62b8e4b1e28009ef2846b4c7852046736bab361f7aeadeb6a5b89ebec3c7055a",
                "sha256:666dbfb6ec68962c033a450943ded891bed2d54e6755e35e5835d63f4f6931d5",
                "sha256:675d61ffbfa78604709862923189bad94014bef562cc35cf61d3a07bba02a7ed",
                "sha256:679b0076f67ecc0138fd2ede3a8fd196dddc2ad3254069bcb9faf9a79b1cebcd",
                "sha256:7349ab0fa0c429c82442a27a9673fc802ffdb7c7775fad780226cb234965e53c",
                "sha256:7ab55401287bfec946ced39700c053796e7cc0e3acbef09993a9ad2adba6ca6e",
                "sha256:7e50d0a0cc3189f9cb0aeb3a6a6af18c16f59f004b866cd2be1c14b36134a4a0",
                "sha256:95a7476c59002f2f6c590b9b7b998306fba6a5aa646b1e22ddfeaf8f78c3a29c",
                "sha256:96ff0b2ad353d8f990b63294c8986f1ec3cb19d749234014f4e7eb0112ceba5a",
                "sha256:9fad7dcb1aac3c7f0584a5a8133e3a43eeb2fe127f47e3632d43d677c66c102b",
                "sha256:9ff0f4f29c51e2803569d7a51c2304de5554655a60c5d776e35b4a41413830d0",
                "sha256:a354325ee03388678242a4d7ebcd08b5c727033fcff3b2f536aea978e15ee9e6",
                "sha256:a4abb4f9001ad2858e7ac189089c42178fcce737e4169dc61321660f1a96c7d2",
                "sha256:ab47dbe5cc8210f55aa58e4805fe224dac469cde56b9f731a4c098b91917159a",
                "sha256:afedb719a9dcfc7eaf2287b839d8198e06dcd4cb5d276a3df279231138e83d30",
                "sha256:b3ce300f3644fb06443ee2222c2201dd3a89ea6040541412b8fa189341847218",
                "sha256:b97fe8060236edf3662adfc2c633f56a08ae30560c56310562cb4f95500022d5",
                "sha256:bfe25acf8b437eb2a8b2d49d443800a5f18508cd811fea3181723922a8a82b07",
                "sha256:cd25bcecc4974d09257ffcd1f098ee778f7834c3ad767fe5db785be9a4aa9cb2",
                "sha256:d209d8969599b27ad20994c8e41936ee0964e6da07478d6c35016bc386b66ad4",
                "sha256:d5241e0a80d808d70546c697135da2c613f30e28251ff8307eb72ba696945764",
                "sha256:edd8b5fe47dab091176d21bb6de568acdd906d1887a4584a15a9a96a1dca06ef",
                "sha256:f870204a840a60da0b12273ef34f7051e98c3b5961b61b0c2c1be6dfd64fbcd3",
                "sha256:ffa75af20b44f8dba823498024771d5ac50620e6915abac414251bd971b4529f"
            ],
            "markers": "python_version >= '3.9'",
            "version": "==1.26.4"
        },
        "ruamel.yaml": {
            "hashes": [
                "sha256:5a38fd5ce39d223bebb9e3a6779e86b9427a03fb0bf9f270060f8b149cffe5e2",
                "sha256:790ba4c48b6a6e6b12b532a7308779eb12d2aaab3a80fdb8389216f28ea2b287"
            ],
            "markers": "python_version >= '3.7'",
            "version": "==0.18.12"
        },
        "ruamel.yaml.clib": {
            "hashes": [
                "sha256:040ae85536960525ea62868b642bdb0c2cc6021c9f9d507810c0c604e66f5a7b",
                "sha256:0467c5965282c62203273b838ae77c0d29d7638c8a4e3a1c8bdd3602c10904e4",
                "sha256:0b7e75b4965e1d4690e93021adfcecccbca7d61c7bddd8e22406ef2ff20d74ef",
                "sha256:11f891336688faf5156a36293a9c362bdc7c88f03a8a027c2c1d8e0bcde998e5",
                "sha256:1492a6051dab8d912fc2adeef0e8c72216b24d57bd896ea607cb90bb0c4981d3",
                "sha256:20b0f8dc160ba83b6dcc0e256846e1a02d044e13f7ea74a3d1d56ede4e48c632",
                "sha256:22353049ba4181685023b25b5b51a574bce33e7f51c759371a7422dcae5402a6",
                "sha256:2c59aa6170b990d8d2719323e628aaf36f3bfbc1c26279c0eeeb24d05d2d11c7",
                "sha256:32621c177bbf782ca5a18ba4d7af0f1082a3f6e517ac2a18b3974d4edf349680",
                "sha256:3bc2a80e6420ca8b7d3590791e2dfc709c88ab9152c00eeb511c9875ce5778bf",
                "sha256:3eac5a91891ceb88138c113f9db04f3cebdae277f5d44eaa3651a4f573e6a5da",
                "sha256:4a6679521a58256a90b0d89e03992c15144c5f3858f40d7c18886023d7943db6",
                "sha256:4c8c5d82f50bb53986a5e02d1b3092b03622c02c2eb78e29bec33fd9593bae1a",
                "sha256:4f6f3eac23941b32afccc23081e1f50612bdbe4e982012ef4f5797986828cd01",
                "sha256:5a0e060aace4c24dcaf71023bbd7d42674e3b230f7e7b97317baf1e953e5b519",
                "sha256:6442cb36270b3afb1b4951f060eccca1ce49f3d087ca1ca4563a6eb479cb3de6",
                "sha256:6c8fbb13ec503f99a91901ab46e0b07ae7941cd527393187039aec586fdfd36f",
                "sha256:749c16fcc4a2b09f28843cda5a193e0283e47454b63ec4b81eaa2242f50e4ccd",
                "sha256:7dd5adc8b930b12c8fc5b99e2d535a09889941aa0d0bd06f4749e9a9397c71d2",
                "sha256:811ea1594b8a0fb466172c384267a4e5e367298af6b228931f273b111f17ef52",
                "sha256:932205970b9f9991b34f55136be327501903f7c66830e9760a8ffb15b07f05cd",
                "sha256:943f32bc9dedb3abff9879edc134901df92cfce2c3d5c9348f172f62eb2d771d",
                "sha256:95c3829bb364fdb8e0332c9931ecf57d9be3519241323c5274bd82f709cebc0c",
                "sha256:96777d473c05ee3e5e3c3e999f5d23c6f4ec5b0c38c098b3a5229085f74236c6",
                "sha256:a274fb2cb086c7a3dea4322ec27f4cb5cc4b6298adb583ab0e211a4682f241eb",
                "sha256:a52d48f4e7bf9005e8f0a89209bf9a73f7190ddf0489eee5eb51377385f59f2a",
                "sha256:a606ef75a60ecf3d924613892cc603b154178ee25abb3055db5062da811fd969",
                "sha256:ab007f2f5a87bd08ab1499bdf96f3d5c6ad4dcfa364884cb4549aa0154b13a28",
                "sha256:b82a7c94a498853aa0b272fd5bc67f29008da798d4f93a2f9f289feb8426a58d",
                "sha256:bb43a269eb827806502c7c8efb7ae7e9e9d0573257a46e8e952f4d4caba4f31e",
                "sha256:bc5f1e1c28e966d61d2519f2a3d451ba989f9ea0f2307de7bc45baa526de9e45",
                "sha256:bd0a08f0bab19093c54e18a14a10b4322e1eacc5217056f3c063bd2f59853ce4",
                "sha256:beffaed67936fbbeffd10966a4eb53c402fafd3d6833770516bf7314bc6ffa12",
                "sha256:bf165fef1f223beae7333275156ab2022cffe255dcc51c27f066b4370da81e31",
                "sha256:cf12567a7b565cbf65d438dec6cfbe2917d3c1bdddfce84a9930b7d35ea59642",
                "sha256:d84318609196d6bd6da0edfa25cedfbabd8dbde5140a0a23af29ad4b8f91fb1e",
                "sha256:d85252669dc32f98ebcd5d36768f5d4faeaeaa2d655ac0473be490ecdae3c285",
                "sha256:e143ada795c341b56de9418c58d028989093ee611aa27ffb9b7f609c00d813ed",
                "sha256:e188d2699864c11c36cdfdada94d781fd5d6b0071cd9c427bceb08ad3d7c70e1",
                "sha256:e2f1c3765db32be59d18ab3953f43ab62a761327aafc1594a2a1fbe038b8b8a7",
                "sha256:e5b8daf27af0b90da7bb903a876477a9e6d7270be6146906b276605997c7e9a3",
                "sha256:e7e3736715fbf53e9be2a79eb4db68e4ed857017344d697e8b9749444ae57475",
                "sha256:e8c4ebfcfd57177b572e2040777b8abc537cdef58a2120e830124946aa9b42c5",
                "sha256:f66efbc1caa63c088dead1c4170d148eabc9b80d95fb75b6c92ac0aad2437d76",
                "sha256:fc4b630cd3fa2cf7fce38afa91d7cfe844a9f75d7f0f36393fa98815e911d987",
                "sha256:fd5415dded15c3822597455bc02bcd66e81ef8b7a48cb71a33628fc9fdde39df"
            ],
            "markers": "python_version >= '3.9'",
            "version": "==0.2.12"
        }
    },
    "develop": {
        "colorama": {
            "hashes": [
                "sha256:08695f5cb7ed6e0531a20572697297273c47b8cae5a63ffc6d6ed5c201be6e44",
                "sha256:4f1d9991f5acc0ca119f9d443620b77f9d6b33703e51011c16baf57afb285fc6"
            ],
            "markers": "python_version >= '2.7' and python_version not in '3.0, 3.1, 3.2, 3.3, 3.4, 3.5, 3.6'",
            "version": "==0.4.6"
        },
        "iniconfig": {
            "hashes": [
                "sha256:3abbd2e30b36733fee78f9c7f7308f2d0050e88f0087fd25c2645f63c773e1c7",
                "sha256:9deba5723312380e77435581c6bf4935c94cbfab9b1ed33ef8d238ea168eb760"
            ],
            "markers": "python_version >= '3.8'",
            "version": "==2.1.0"
        },
        "packaging": {
            "hashes": [
                "sha256:29572ef2b1f17581046b3a2227d5c611fb25ec70ca1ba8554b24b0e69331a484",
                "sha256:d443872c98d677bf60f6a1f2f8c1cb748e8fe762d2bf9d3148b5599295b0fc4f"
            ],
            "markers": "python_version >= '3.8'",
            "version": "==25.0"
        },
        "pluggy": {
            "hashes": [
                "sha256:7dcc130b76258d33b90f61b658791dede3486c3e6bfb003ee5c9bfb396dd22f3",
                "sha256:e920276dd6813095e9377c0bc5566d94c932c33b27a3e3945d8389c374dd4746"
            ],
            "markers": "python_version >= '3.9'",
            "version": "==1.6.0"
        },
        "pytest": {
            "hashes": [
                "sha256:c69214aa47deac29fad6c2a4f590b9c4a9fdb16a403176fe154b79c0b4d4d820",
                "sha256:f4efe70cc14e511565ac476b57c279e12a855b11f48f212af1080ef2263d3845"
            ],
            "index": "pypi",
            "markers": "python_version >= '3.8'",
            "version": "==8.3.5"
        }
    }
}
