# generated by rye
# use `rye lock` or `rye sync` to update this lockfile
#
# last locked with the following flags:
#   pre: false
#   features: []
#   all-features: false
#   with-sources: false
#   generate-hashes: false
#   universal: false

-e file:.
adlfs==2024.12.0
    # via flex-dtk
aiohappyeyeballs==2.4.4
    # via aiohttp
aiohttp==3.11.11
    # via adlfs
aiosignal==1.3.2
    # via aiohttp
async-timeout==5.0.1
    # via aiohttp
attrs==24.3.0
    # via aiohttp
azure-core==1.32.0
    # via adlfs
    # via azure-identity
    # via azure-storage-blob
azure-datalake-store==0.0.53
    # via adlfs
azure-identity==1.19.0
    # via adlfs
    # via flex-dtk
azure-storage-blob==12.24.1
    # via adlfs
certifi==2024.12.14
    # via requests
cffi==1.17.1
    # via azure-datalake-store
    # via cryptography
charset-normalizer==3.4.1
    # via requests
cryptography==44.0.0
    # via azure-identity
    # via azure-storage-blob
    # via msal
    # via pyjwt
frozenlist==1.5.0
    # via aiohttp
    # via aiosignal
fsspec==2024.12.0
    # via adlfs
    # via flex-dtk
greenlet==3.1.1
    # via sqlalchemy
idna==3.10
    # via requests
    # via yarl
isodate==0.7.2
    # via azure-storage-blob
msal==1.31.1
    # via azure-datalake-store
    # via azure-identity
    # via msal-extensions
msal-extensions==1.2.0
    # via azure-identity
multidict==6.1.0
    # via aiohttp
    # via yarl
numpy==2.0.2
    # via pandas
pandas==2.2.3
    # via flex-dtk
portalocker==2.10.1
    # via msal-extensions
propcache==0.2.1
    # via aiohttp
    # via yarl
psycopg2-binary==2.9.10
    # via flex-dtk
pyarrow==19.0.0
    # via flex-dtk
pycparser==2.22
    # via cffi
pyjwt==2.10.1
    # via msal
pyodbc==5.2.0
    # via flex-dtk
python-dateutil==2.9.0.post0
    # via pandas
pytz==2024.2
    # via pandas
requests==2.32.3
    # via azure-core
    # via azure-datalake-store
    # via msal
six==1.17.0
    # via azure-core
    # via python-dateutil
sqlalchemy==2.0.37
    # via flex-dtk
typing-extensions==4.12.2
    # via azure-core
    # via azure-identity
    # via azure-storage-blob
    # via multidict
    # via sqlalchemy
tzdata==2025.1
    # via pandas
urllib3==2.3.0
    # via requests
yarl==1.18.3
    # via aiohttp
